// !$*UTF8*$!
{
	archiveVersion = 1;
	classes = {
	};
	objectVersion = 56;
	objects = {

/* Begin PBXBuildFile section */
		D91D85682A20C78E00E76AF0 /* AuthenticationViewController.swift in Sources */ = {isa = PBXBuildFile; fileRef = D91D85672A20C78E00E76AF0 /* AuthenticationViewController.swift */; };
		D91D856A2A20FCC700E76AF0 /* ObtainTokensBodies.swift in Sources */ = {isa = PBXBuildFile; fileRef = D91D85692A20FCC700E76AF0 /* ObtainTokensBodies.swift */; };
		D91D856C2A21303B00E76AF0 /* UITextField+Utils.swift in Sources */ = {isa = PBXBuildFile; fileRef = D91D856B2A21303B00E76AF0 /* UITextField+Utils.swift */; };
		D91D86472A26420800E76AF0 /* AuthViewModel.swift in Sources */ = {isa = PBXBuildFile; fileRef = D91D86462A26420800E76AF0 /* AuthViewModel.swift */; };
		D91D86492A264CE600E76AF0 /* ObservableObject.swift in Sources */ = {isa = PBXBuildFile; fileRef = D91D86482A264CE600E76AF0 /* ObservableObject.swift */; };
		D91D864D2A27D5C600E76AF0 /* MainViewController.swift in Sources */ = {isa = PBXBuildFile; fileRef = D91D864C2A27D5C600E76AF0 /* MainViewController.swift */; };
		D91D864F2A27D79E00E76AF0 /* UIViewController+Utils.swift in Sources */ = {isa = PBXBuildFile; fileRef = D91D864E2A27D79E00E76AF0 /* UIViewController+Utils.swift */; };
		D91D86512A290F1300E76AF0 /* ErrorAlert.swift in Sources */ = {isa = PBXBuildFile; fileRef = D91D86502A290F1300E76AF0 /* ErrorAlert.swift */; };
		D91E96D62A1BD06700D6C481 /* AppDelegate.swift in Sources */ = {isa = PBXBuildFile; fileRef = D91E96D52A1BD06700D6C481 /* AppDelegate.swift */; };
		D91E96D82A1BD06700D6C481 /* SceneDelegate.swift in Sources */ = {isa = PBXBuildFile; fileRef = D91E96D72A1BD06700D6C481 /* SceneDelegate.swift */; };
		D91E96DA2A1BD06700D6C481 /* ViewController.swift in Sources */ = {isa = PBXBuildFile; fileRef = D91E96D92A1BD06700D6C481 /* ViewController.swift */; };
		D91E96DF2A1BD06800D6C481 /* Assets.xcassets in Resources */ = {isa = PBXBuildFile; fileRef = D91E96DE2A1BD06800D6C481 /* Assets.xcassets */; };
		D91E96E22A1BD06800D6C481 /* LaunchScreen.storyboard in Resources */ = {isa = PBXBuildFile; fileRef = D91E96E02A1BD06800D6C481 /* LaunchScreen.storyboard */; };
		D91E96ED2A1BD06800D6C481 /* HabitTrackerTests.swift in Sources */ = {isa = PBXBuildFile; fileRef = D91E96EC2A1BD06800D6C481 /* HabitTrackerTests.swift */; };
		D91E96F72A1BD06800D6C481 /* HabitTrackerUITests.swift in Sources */ = {isa = PBXBuildFile; fileRef = D91E96F62A1BD06800D6C481 /* HabitTrackerUITests.swift */; };
		D91E96F92A1BD06800D6C481 /* HabitTrackerUITestsLaunchTests.swift in Sources */ = {isa = PBXBuildFile; fileRef = D91E96F82A1BD06800D6C481 /* HabitTrackerUITestsLaunchTests.swift */; };
		D91E97062A1BDD7C00D6C481 /* HomeViewController.swift in Sources */ = {isa = PBXBuildFile; fileRef = D91E97052A1BDD7C00D6C481 /* HomeViewController.swift */; };
		D91E97082A1BE2CE00D6C481 /* CalendarViewModel.swift in Sources */ = {isa = PBXBuildFile; fileRef = D91E97072A1BE2CE00D6C481 /* CalendarViewModel.swift */; };
		D91E970A2A1BF4DD00D6C481 /* CalendarCell.swift in Sources */ = {isa = PBXBuildFile; fileRef = D91E97092A1BF4DD00D6C481 /* CalendarCell.swift */; };
		D91E970C2A1D0E6500D6C481 /* DayOverviewView.swift in Sources */ = {isa = PBXBuildFile; fileRef = D91E970B2A1D0E6500D6C481 /* DayOverviewView.swift */; };
		D91E97112A1F657D00D6C481 /* Token.swift in Sources */ = {isa = PBXBuildFile; fileRef = D91E97102A1F657D00D6C481 /* Token.swift */; };
		D91E97132A1F65AA00D6C481 /* ErrorResponse.swift in Sources */ = {isa = PBXBuildFile; fileRef = D91E97122A1F65AA00D6C481 /* ErrorResponse.swift */; };
		D91E97152A1F674500D6C481 /* StorageManager.swift in Sources */ = {isa = PBXBuildFile; fileRef = D91E97142A1F674500D6C481 /* StorageManager.swift */; };
		D91E97172A1F7A3100D6C481 /* TokenManager.swift in Sources */ = {isa = PBXBuildFile; fileRef = D91E97162A1F7A3100D6C481 /* TokenManager.swift */; };
		D91E97192A1F8AC700D6C481 /* NetworkService.swift in Sources */ = {isa = PBXBuildFile; fileRef = D91E97182A1F8AC700D6C481 /* NetworkService.swift */; };
		D91E971B2A1F997500D6C481 /* Endpoint.swift in Sources */ = {isa = PBXBuildFile; fileRef = D91E971A2A1F997500D6C481 /* Endpoint.swift */; };
		D91E97212A1FFC3900D6C481 /* HTTPURLResponse+Utils.swift in Sources */ = {isa = PBXBuildFile; fileRef = D91E97202A1FFC3900D6C481 /* HTTPURLResponse+Utils.swift */; };
		D91E97232A2000A500D6C481 /* Errors.swift in Sources */ = {isa = PBXBuildFile; fileRef = D91E97222A2000A500D6C481 /* Errors.swift */; };
		D91E97252A2001E900D6C481 /* Result.swift in Sources */ = {isa = PBXBuildFile; fileRef = D91E97242A2001E900D6C481 /* Result.swift */; };
/* End PBXBuildFile section */

/* Begin PBXContainerItemProxy section */
		D91E96E92A1BD06800D6C481 /* PBXContainerItemProxy */ = {
			isa = PBXContainerItemProxy;
			containerPortal = D91E96CA2A1BD06700D6C481 /* Project object */;
			proxyType = 1;
			remoteGlobalIDString = D91E96D12A1BD06700D6C481;
			remoteInfo = HabitTracker;
		};
		D91E96F32A1BD06800D6C481 /* PBXContainerItemProxy */ = {
			isa = PBXContainerItemProxy;
			containerPortal = D91E96CA2A1BD06700D6C481 /* Project object */;
			proxyType = 1;
			remoteGlobalIDString = D91E96D12A1BD06700D6C481;
			remoteInfo = HabitTracker;
		};
/* End PBXContainerItemProxy section */

/* Begin PBXFileReference section */
		D91D85672A20C78E00E76AF0 /* AuthenticationViewController.swift */ = {isa = PBXFileReference; lastKnownFileType = sourcecode.swift; path = AuthenticationViewController.swift; sourceTree = "<group>"; };
		D91D85692A20FCC700E76AF0 /* ObtainTokensBodies.swift */ = {isa = PBXFileReference; lastKnownFileType = sourcecode.swift; path = ObtainTokensBodies.swift; sourceTree = "<group>"; };
		D91D856B2A21303B00E76AF0 /* UITextField+Utils.swift */ = {isa = PBXFileReference; lastKnownFileType = sourcecode.swift; path = "UITextField+Utils.swift"; sourceTree = "<group>"; };
		D91D86462A26420800E76AF0 /* AuthViewModel.swift */ = {isa = PBXFileReference; lastKnownFileType = sourcecode.swift; path = AuthViewModel.swift; sourceTree = "<group>"; };
		D91D86482A264CE600E76AF0 /* ObservableObject.swift */ = {isa = PBXFileReference; lastKnownFileType = sourcecode.swift; path = ObservableObject.swift; sourceTree = "<group>"; };
		D91D864C2A27D5C600E76AF0 /* MainViewController.swift */ = {isa = PBXFileReference; lastKnownFileType = sourcecode.swift; path = MainViewController.swift; sourceTree = "<group>"; };
		D91D864E2A27D79E00E76AF0 /* UIViewController+Utils.swift */ = {isa = PBXFileReference; lastKnownFileType = sourcecode.swift; path = "UIViewController+Utils.swift"; sourceTree = "<group>"; };
		D91D86502A290F1300E76AF0 /* ErrorAlert.swift */ = {isa = PBXFileReference; lastKnownFileType = sourcecode.swift; path = ErrorAlert.swift; sourceTree = "<group>"; };
		D91E96D22A1BD06700D6C481 /* HabitTracker.app */ = {isa = PBXFileReference; explicitFileType = wrapper.application; includeInIndex = 0; path = HabitTracker.app; sourceTree = BUILT_PRODUCTS_DIR; };
		D91E96D52A1BD06700D6C481 /* AppDelegate.swift */ = {isa = PBXFileReference; lastKnownFileType = sourcecode.swift; path = AppDelegate.swift; sourceTree = "<group>"; };
		D91E96D72A1BD06700D6C481 /* SceneDelegate.swift */ = {isa = PBXFileReference; lastKnownFileType = sourcecode.swift; path = SceneDelegate.swift; sourceTree = "<group>"; };
		D91E96D92A1BD06700D6C481 /* ViewController.swift */ = {isa = PBXFileReference; lastKnownFileType = sourcecode.swift; path = ViewController.swift; sourceTree = "<group>"; };
		D91E96DE2A1BD06800D6C481 /* Assets.xcassets */ = {isa = PBXFileReference; lastKnownFileType = folder.assetcatalog; path = Assets.xcassets; sourceTree = "<group>"; };
		D91E96E12A1BD06800D6C481 /* Base */ = {isa = PBXFileReference; lastKnownFileType = file.storyboard; name = Base; path = Base.lproj/LaunchScreen.storyboard; sourceTree = "<group>"; };
		D91E96E32A1BD06800D6C481 /* Info.plist */ = {isa = PBXFileReference; lastKnownFileType = text.plist.xml; path = Info.plist; sourceTree = "<group>"; };
		D91E96E82A1BD06800D6C481 /* HabitTrackerTests.xctest */ = {isa = PBXFileReference; explicitFileType = wrapper.cfbundle; includeInIndex = 0; path = HabitTrackerTests.xctest; sourceTree = BUILT_PRODUCTS_DIR; };
		D91E96EC2A1BD06800D6C481 /* HabitTrackerTests.swift */ = {isa = PBXFileReference; lastKnownFileType = sourcecode.swift; path = HabitTrackerTests.swift; sourceTree = "<group>"; };
		D91E96F22A1BD06800D6C481 /* HabitTrackerUITests.xctest */ = {isa = PBXFileReference; explicitFileType = wrapper.cfbundle; includeInIndex = 0; path = HabitTrackerUITests.xctest; sourceTree = BUILT_PRODUCTS_DIR; };
		D91E96F62A1BD06800D6C481 /* HabitTrackerUITests.swift */ = {isa = PBXFileReference; lastKnownFileType = sourcecode.swift; path = HabitTrackerUITests.swift; sourceTree = "<group>"; };
		D91E96F82A1BD06800D6C481 /* HabitTrackerUITestsLaunchTests.swift */ = {isa = PBXFileReference; lastKnownFileType = sourcecode.swift; path = HabitTrackerUITestsLaunchTests.swift; sourceTree = "<group>"; };
		D91E97052A1BDD7C00D6C481 /* HomeViewController.swift */ = {isa = PBXFileReference; lastKnownFileType = sourcecode.swift; path = HomeViewController.swift; sourceTree = "<group>"; };
		D91E97072A1BE2CE00D6C481 /* CalendarViewModel.swift */ = {isa = PBXFileReference; lastKnownFileType = sourcecode.swift; path = CalendarViewModel.swift; sourceTree = "<group>"; };
		D91E97092A1BF4DD00D6C481 /* CalendarCell.swift */ = {isa = PBXFileReference; lastKnownFileType = sourcecode.swift; path = CalendarCell.swift; sourceTree = "<group>"; };
		D91E970B2A1D0E6500D6C481 /* DayOverviewView.swift */ = {isa = PBXFileReference; lastKnownFileType = sourcecode.swift; path = DayOverviewView.swift; sourceTree = "<group>"; };
		D91E97102A1F657D00D6C481 /* Token.swift */ = {isa = PBXFileReference; lastKnownFileType = sourcecode.swift; path = Token.swift; sourceTree = "<group>"; };
		D91E97122A1F65AA00D6C481 /* ErrorResponse.swift */ = {isa = PBXFileReference; lastKnownFileType = sourcecode.swift; path = ErrorResponse.swift; sourceTree = "<group>"; };
		D91E97142A1F674500D6C481 /* StorageManager.swift */ = {isa = PBXFileReference; lastKnownFileType = sourcecode.swift; path = StorageManager.swift; sourceTree = "<group>"; };
		D91E97162A1F7A3100D6C481 /* TokenManager.swift */ = {isa = PBXFileReference; lastKnownFileType = sourcecode.swift; path = TokenManager.swift; sourceTree = "<group>"; };
		D91E97182A1F8AC700D6C481 /* NetworkService.swift */ = {isa = PBXFileReference; lastKnownFileType = sourcecode.swift; path = NetworkService.swift; sourceTree = "<group>"; };
		D91E971A2A1F997500D6C481 /* Endpoint.swift */ = {isa = PBXFileReference; lastKnownFileType = sourcecode.swift; path = Endpoint.swift; sourceTree = "<group>"; };
		D91E97202A1FFC3900D6C481 /* HTTPURLResponse+Utils.swift */ = {isa = PBXFileReference; lastKnownFileType = sourcecode.swift; path = "HTTPURLResponse+Utils.swift"; sourceTree = "<group>"; };
		D91E97222A2000A500D6C481 /* Errors.swift */ = {isa = PBXFileReference; lastKnownFileType = sourcecode.swift; path = Errors.swift; sourceTree = "<group>"; };
		D91E97242A2001E900D6C481 /* Result.swift */ = {isa = PBXFileReference; lastKnownFileType = sourcecode.swift; path = Result.swift; sourceTree = "<group>"; };
/* End PBXFileReference section */

/* Begin PBXFrameworksBuildPhase section */
		D91E96CF2A1BD06700D6C481 /* Frameworks */ = {
			isa = PBXFrameworksBuildPhase;
			buildActionMask = 2147483647;
			files = (
			);
			runOnlyForDeploymentPostprocessing = 0;
		};
		D91E96E52A1BD06800D6C481 /* Frameworks */ = {
			isa = PBXFrameworksBuildPhase;
			buildActionMask = 2147483647;
			files = (
			);
			runOnlyForDeploymentPostprocessing = 0;
		};
		D91E96EF2A1BD06800D6C481 /* Frameworks */ = {
			isa = PBXFrameworksBuildPhase;
			buildActionMask = 2147483647;
			files = (
			);
			runOnlyForDeploymentPostprocessing = 0;
		};
/* End PBXFrameworksBuildPhase section */

/* Begin PBXGroup section */
		D91E96C92A1BD06700D6C481 = {
			isa = PBXGroup;
			children = (
				D91E96D42A1BD06700D6C481 /* HabitTracker */,
				D91E96EB2A1BD06800D6C481 /* HabitTrackerTests */,
				D91E96F52A1BD06800D6C481 /* HabitTrackerUITests */,
				D91E96D32A1BD06700D6C481 /* Products */,
			);
			sourceTree = "<group>";
		};
		D91E96D32A1BD06700D6C481 /* Products */ = {
			isa = PBXGroup;
			children = (
				D91E96D22A1BD06700D6C481 /* HabitTracker.app */,
				D91E96E82A1BD06800D6C481 /* HabitTrackerTests.xctest */,
				D91E96F22A1BD06800D6C481 /* HabitTrackerUITests.xctest */,
			);
			name = Products;
			sourceTree = "<group>";
		};
		D91E96D42A1BD06700D6C481 /* HabitTracker */ = {
			isa = PBXGroup;
			children = (
				D91E971E2A1FF09000D6C481 /* Networking */,
				D91E96D52A1BD06700D6C481 /* AppDelegate.swift */,
				D91E96D72A1BD06700D6C481 /* SceneDelegate.swift */,
				D91E96D92A1BD06700D6C481 /* ViewController.swift */,
				D91E96DE2A1BD06800D6C481 /* Assets.xcassets */,
				D91E96E02A1BD06800D6C481 /* LaunchScreen.storyboard */,
				D91E96E32A1BD06800D6C481 /* Info.plist */,
				D91E97052A1BDD7C00D6C481 /* HomeViewController.swift */,
				D91E97072A1BE2CE00D6C481 /* CalendarViewModel.swift */,
				D91E97092A1BF4DD00D6C481 /* CalendarCell.swift */,
				D91E970B2A1D0E6500D6C481 /* DayOverviewView.swift */,
				D91D85672A20C78E00E76AF0 /* AuthenticationViewController.swift */,
				D91D856B2A21303B00E76AF0 /* UITextField+Utils.swift */,
				D91D86462A26420800E76AF0 /* AuthViewModel.swift */,
				D91D86482A264CE600E76AF0 /* ObservableObject.swift */,
				D91D864C2A27D5C600E76AF0 /* MainViewController.swift */,
				D91D864E2A27D79E00E76AF0 /* UIViewController+Utils.swift */,
				D91D86502A290F1300E76AF0 /* ErrorAlert.swift */,
			);
			path = HabitTracker;
			sourceTree = "<group>";
		};
		D91E96EB2A1BD06800D6C481 /* HabitTrackerTests */ = {
			isa = PBXGroup;
			children = (
				D91E96EC2A1BD06800D6C481 /* HabitTrackerTests.swift */,
			);
			path = HabitTrackerTests;
			sourceTree = "<group>";
		};
		D91E96F52A1BD06800D6C481 /* HabitTrackerUITests */ = {
			isa = PBXGroup;
			children = (
				D91E96F62A1BD06800D6C481 /* HabitTrackerUITests.swift */,
				D91E96F82A1BD06800D6C481 /* HabitTrackerUITestsLaunchTests.swift */,
			);
			path = HabitTrackerUITests;
			sourceTree = "<group>";
		};
		D91E971E2A1FF09000D6C481 /* Networking */ = {
			isa = PBXGroup;
			children = (
				D91E97262A2009B700D6C481 /* Managers */,
				D91E971F2A1FF0DD00D6C481 /* Models */,
				D91E97182A1F8AC700D6C481 /* NetworkService.swift */,
				D91E971A2A1F997500D6C481 /* Endpoint.swift */,
				D91E97202A1FFC3900D6C481 /* HTTPURLResponse+Utils.swift */,
			);
			path = Networking;
			sourceTree = "<group>";
		};
		D91E971F2A1FF0DD00D6C481 /* Models */ = {
			isa = PBXGroup;
			children = (
				D91E97102A1F657D00D6C481 /* Token.swift */,
				D91E97122A1F65AA00D6C481 /* ErrorResponse.swift */,
				D91E97222A2000A500D6C481 /* Errors.swift */,
				D91E97242A2001E900D6C481 /* Result.swift */,
				D91D85692A20FCC700E76AF0 /* ObtainTokensBodies.swift */,
			);
			path = Models;
			sourceTree = "<group>";
		};
		D91E97262A2009B700D6C481 /* Managers */ = {
			isa = PBXGroup;
			children = (
				D91E97142A1F674500D6C481 /* StorageManager.swift */,
				D91E97162A1F7A3100D6C481 /* TokenManager.swift */,
			);
			path = Managers;
			sourceTree = "<group>";
		};
/* End PBXGroup section */

/* Begin PBXNativeTarget section */
		D91E96D12A1BD06700D6C481 /* HabitTracker */ = {
			isa = PBXNativeTarget;
			buildConfigurationList = D91E96FC2A1BD06800D6C481 /* Build configuration list for PBXNativeTarget "HabitTracker" */;
			buildPhases = (
				D91E96CE2A1BD06700D6C481 /* Sources */,
				D91E96CF2A1BD06700D6C481 /* Frameworks */,
				D91E96D02A1BD06700D6C481 /* Resources */,
			);
			buildRules = (
			);
			dependencies = (
			);
			name = HabitTracker;
			productName = HabitTracker;
			productReference = D91E96D22A1BD06700D6C481 /* HabitTracker.app */;
			productType = "com.apple.product-type.application";
		};
		D91E96E72A1BD06800D6C481 /* HabitTrackerTests */ = {
			isa = PBXNativeTarget;
			buildConfigurationList = D91E96FF2A1BD06800D6C481 /* Build configuration list for PBXNativeTarget "HabitTrackerTests" */;
			buildPhases = (
				D91E96E42A1BD06800D6C481 /* Sources */,
				D91E96E52A1BD06800D6C481 /* Frameworks */,
				D91E96E62A1BD06800D6C481 /* Resources */,
			);
			buildRules = (
			);
			dependencies = (
				D91E96EA2A1BD06800D6C481 /* PBXTargetDependency */,
			);
			name = HabitTrackerTests;
			productName = HabitTrackerTests;
			productReference = D91E96E82A1BD06800D6C481 /* HabitTrackerTests.xctest */;
			productType = "com.apple.product-type.bundle.unit-test";
		};
		D91E96F12A1BD06800D6C481 /* HabitTrackerUITests */ = {
			isa = PBXNativeTarget;
			buildConfigurationList = D91E97022A1BD06800D6C481 /* Build configuration list for PBXNativeTarget "HabitTrackerUITests" */;
			buildPhases = (
				D91E96EE2A1BD06800D6C481 /* Sources */,
				D91E96EF2A1BD06800D6C481 /* Frameworks */,
				D91E96F02A1BD06800D6C481 /* Resources */,
			);
			buildRules = (
			);
			dependencies = (
				D91E96F42A1BD06800D6C481 /* PBXTargetDependency */,
			);
			name = HabitTrackerUITests;
			productName = HabitTrackerUITests;
			productReference = D91E96F22A1BD06800D6C481 /* HabitTrackerUITests.xctest */;
			productType = "com.apple.product-type.bundle.ui-testing";
		};
/* End PBXNativeTarget section */

/* Begin PBXProject section */
		D91E96CA2A1BD06700D6C481 /* Project object */ = {
			isa = PBXProject;
			attributes = {
				BuildIndependentTargetsInParallel = 1;
				LastSwiftUpdateCheck = 1420;
				LastUpgradeCheck = 1420;
				TargetAttributes = {
					D91E96D12A1BD06700D6C481 = {
						CreatedOnToolsVersion = 14.2;
					};
					D91E96E72A1BD06800D6C481 = {
						CreatedOnToolsVersion = 14.2;
						TestTargetID = D91E96D12A1BD06700D6C481;
					};
					D91E96F12A1BD06800D6C481 = {
						CreatedOnToolsVersion = 14.2;
						TestTargetID = D91E96D12A1BD06700D6C481;
					};
				};
			};
			buildConfigurationList = D91E96CD2A1BD06700D6C481 /* Build configuration list for PBXProject "HabitTracker" */;
			compatibilityVersion = "Xcode 14.0";
			developmentRegion = en;
			hasScannedForEncodings = 0;
			knownRegions = (
				en,
				Base,
			);
			mainGroup = D91E96C92A1BD06700D6C481;
			productRefGroup = D91E96D32A1BD06700D6C481 /* Products */;
			projectDirPath = "";
			projectRoot = "";
			targets = (
				D91E96D12A1BD06700D6C481 /* HabitTracker */,
				D91E96E72A1BD06800D6C481 /* HabitTrackerTests */,
				D91E96F12A1BD06800D6C481 /* HabitTrackerUITests */,
			);
		};
/* End PBXProject section */

/* Begin PBXResourcesBuildPhase section */
		D91E96D02A1BD06700D6C481 /* Resources */ = {
			isa = PBXResourcesBuildPhase;
			buildActionMask = 2147483647;
			files = (
				D91E96E22A1BD06800D6C481 /* LaunchScreen.storyboard in Resources */,
				D91E96DF2A1BD06800D6C481 /* Assets.xcassets in Resources */,
			);
			runOnlyForDeploymentPostprocessing = 0;
		};
		D91E96E62A1BD06800D6C481 /* Resources */ = {
			isa = PBXResourcesBuildPhase;
			buildActionMask = 2147483647;
			files = (
			);
			runOnlyForDeploymentPostprocessing = 0;
		};
		D91E96F02A1BD06800D6C481 /* Resources */ = {
			isa = PBXResourcesBuildPhase;
			buildActionMask = 2147483647;
			files = (
			);
			runOnlyForDeploymentPostprocessing = 0;
		};
/* End PBXResourcesBuildPhase section */

/* Begin PBXSourcesBuildPhase section */
		D91E96CE2A1BD06700D6C481 /* Sources */ = {
			isa = PBXSourcesBuildPhase;
			buildActionMask = 2147483647;
			files = (
				D91D86472A26420800E76AF0 /* AuthViewModel.swift in Sources */,
				D91D864D2A27D5C600E76AF0 /* MainViewController.swift in Sources */,
				D91D856C2A21303B00E76AF0 /* UITextField+Utils.swift in Sources */,
				D91E97172A1F7A3100D6C481 /* TokenManager.swift in Sources */,
				D91E97232A2000A500D6C481 /* Errors.swift in Sources */,
				D91D856A2A20FCC700E76AF0 /* ObtainTokensBodies.swift in Sources */,
				D91E96DA2A1BD06700D6C481 /* ViewController.swift in Sources */,
				D91E97212A1FFC3900D6C481 /* HTTPURLResponse+Utils.swift in Sources */,
				D91E970A2A1BF4DD00D6C481 /* CalendarCell.swift in Sources */,
				D91E971B2A1F997500D6C481 /* Endpoint.swift in Sources */,
				D91E97252A2001E900D6C481 /* Result.swift in Sources */,
				D91D864F2A27D79E00E76AF0 /* UIViewController+Utils.swift in Sources */,
				D91E96D62A1BD06700D6C481 /* AppDelegate.swift in Sources */,
				D91D86512A290F1300E76AF0 /* ErrorAlert.swift in Sources */,
				D91D86492A264CE600E76AF0 /* ObservableObject.swift in Sources */,
				D91D85682A20C78E00E76AF0 /* AuthenticationViewController.swift in Sources */,
				D91E970C2A1D0E6500D6C481 /* DayOverviewView.swift in Sources */,
				D91E96D82A1BD06700D6C481 /* SceneDelegate.swift in Sources */,
				D91E97062A1BDD7C00D6C481 /* HomeViewController.swift in Sources */,
				D91E97132A1F65AA00D6C481 /* ErrorResponse.swift in Sources */,
				D91E97152A1F674500D6C481 /* StorageManager.swift in Sources */,
				D91E97082A1BE2CE00D6C481 /* CalendarViewModel.swift in Sources */,
				D91E97192A1F8AC700D6C481 /* NetworkService.swift in Sources */,
				D91E97112A1F657D00D6C481 /* Token.swift in Sources */,
			);
			runOnlyForDeploymentPostprocessing = 0;
		};
		D91E96E42A1BD06800D6C481 /* Sources */ = {
			isa = PBXSourcesBuildPhase;
			buildActionMask = 2147483647;
			files = (
				D91E96ED2A1BD06800D6C481 /* HabitTrackerTests.swift in Sources */,
			);
			runOnlyForDeploymentPostprocessing = 0;
		};
		D91E96EE2A1BD06800D6C481 /* Sources */ = {
			isa = PBXSourcesBuildPhase;
			buildActionMask = 2147483647;
			files = (
				D91E96F92A1BD06800D6C481 /* HabitTrackerUITestsLaunchTests.swift in Sources */,
				D91E96F72A1BD06800D6C481 /* HabitTrackerUITests.swift in Sources */,
			);
			runOnlyForDeploymentPostprocessing = 0;
		};
/* End PBXSourcesBuildPhase section */

/* Begin PBXTargetDependency section */
		D91E96EA2A1BD06800D6C481 /* PBXTargetDependency */ = {
			isa = PBXTargetDependency;
			target = D91E96D12A1BD06700D6C481 /* HabitTracker */;
			targetProxy = D91E96E92A1BD06800D6C481 /* PBXContainerItemProxy */;
		};
		D91E96F42A1BD06800D6C481 /* PBXTargetDependency */ = {
			isa = PBXTargetDependency;
			target = D91E96D12A1BD06700D6C481 /* HabitTracker */;
			targetProxy = D91E96F32A1BD06800D6C481 /* PBXContainerItemProxy */;
		};
/* End PBXTargetDependency section */

/* Begin PBXVariantGroup section */
		D91E96E02A1BD06800D6C481 /* LaunchScreen.storyboard */ = {
			isa = PBXVariantGroup;
			children = (
				D91E96E12A1BD06800D6C481 /* Base */,
			);
			name = LaunchScreen.storyboard;
			sourceTree = "<group>";
		};
/* End PBXVariantGroup section */

/* Begin XCBuildConfiguration section */
		D91E96FA2A1BD06800D6C481 /* Debug */ = {
			isa = XCBuildConfiguration;
			buildSettings = {
				ALWAYS_SEARCH_USER_PATHS = NO;
				CLANG_ANALYZER_NONNULL = YES;
				CLANG_ANALYZER_NUMBER_OBJECT_CONVERSION = YES_AGGRESSIVE;
				CLANG_CXX_LANGUAGE_STANDARD = "gnu++20";
				CLANG_ENABLE_MODULES = YES;
				CLANG_ENABLE_OBJC_ARC = YES;
				CLANG_ENABLE_OBJC_WEAK = YES;
				CLANG_WARN_BLOCK_CAPTURE_AUTORELEASING = YES;
				CLANG_WARN_BOOL_CONVERSION = YES;
				CLANG_WARN_COMMA = YES;
				CLANG_WARN_CONSTANT_CONVERSION = YES;
				CLANG_WARN_DEPRECATED_OBJC_IMPLEMENTATIONS = YES;
				CLANG_WARN_DIRECT_OBJC_ISA_USAGE = YES_ERROR;
				CLANG_WARN_DOCUMENTATION_COMMENTS = YES;
				CLANG_WARN_EMPTY_BODY = YES;
				CLANG_WARN_ENUM_CONVERSION = YES;
				CLANG_WARN_INFINITE_RECURSION = YES;
				CLANG_WARN_INT_CONVERSION = YES;
				CLANG_WARN_NON_LITERAL_NULL_CONVERSION = YES;
				CLANG_WARN_OBJC_IMPLICIT_RETAIN_SELF = YES;
				CLANG_WARN_OBJC_LITERAL_CONVERSION = YES;
				CLANG_WARN_OBJC_ROOT_CLASS = YES_ERROR;
				CLANG_WARN_QUOTED_INCLUDE_IN_FRAMEWORK_HEADER = YES;
				CLANG_WARN_RANGE_LOOP_ANALYSIS = YES;
				CLANG_WARN_STRICT_PROTOTYPES = YES;
				CLANG_WARN_SUSPICIOUS_MOVE = YES;
				CLANG_WARN_UNGUARDED_AVAILABILITY = YES_AGGRESSIVE;
				CLANG_WARN_UNREACHABLE_CODE = YES;
				CLANG_WARN__DUPLICATE_METHOD_MATCH = YES;
				COPY_PHASE_STRIP = NO;
				DEBUG_INFORMATION_FORMAT = dwarf;
				ENABLE_STRICT_OBJC_MSGSEND = YES;
				ENABLE_TESTABILITY = YES;
				GCC_C_LANGUAGE_STANDARD = gnu11;
				GCC_DYNAMIC_NO_PIC = NO;
				GCC_NO_COMMON_BLOCKS = YES;
				GCC_OPTIMIZATION_LEVEL = 0;
				GCC_PREPROCESSOR_DEFINITIONS = (
					"DEBUG=1",
					"$(inherited)",
				);
				GCC_WARN_64_TO_32_BIT_CONVERSION = YES;
				GCC_WARN_ABOUT_RETURN_TYPE = YES_ERROR;
				GCC_WARN_UNDECLARED_SELECTOR = YES;
				GCC_WARN_UNINITIALIZED_AUTOS = YES_AGGRESSIVE;
				GCC_WARN_UNUSED_FUNCTION = YES;
				GCC_WARN_UNUSED_VARIABLE = YES;
				IPHONEOS_DEPLOYMENT_TARGET = 16.2;
				MTL_ENABLE_DEBUG_INFO = INCLUDE_SOURCE;
				MTL_FAST_MATH = YES;
				ONLY_ACTIVE_ARCH = YES;
				SDKROOT = iphoneos;
				SWIFT_ACTIVE_COMPILATION_CONDITIONS = DEBUG;
				SWIFT_OPTIMIZATION_LEVEL = "-Onone";
			};
			name = Debug;
		};
		D91E96FB2A1BD06800D6C481 /* Release */ = {
			isa = XCBuildConfiguration;
			buildSettings = {
				ALWAYS_SEARCH_USER_PATHS = NO;
				CLANG_ANALYZER_NONNULL = YES;
				CLANG_ANALYZER_NUMBER_OBJECT_CONVERSION = YES_AGGRESSIVE;
				CLANG_CXX_LANGUAGE_STANDARD = "gnu++20";
				CLANG_ENABLE_MODULES = YES;
				CLANG_ENABLE_OBJC_ARC = YES;
				CLANG_ENABLE_OBJC_WEAK = YES;
				CLANG_WARN_BLOCK_CAPTURE_AUTORELEASING = YES;
				CLANG_WARN_BOOL_CONVERSION = YES;
				CLANG_WARN_COMMA = YES;
				CLANG_WARN_CONSTANT_CONVERSION = YES;
				CLANG_WARN_DEPRECATED_OBJC_IMPLEMENTATIONS = YES;
				CLANG_WARN_DIRECT_OBJC_ISA_USAGE = YES_ERROR;
				CLANG_WARN_DOCUMENTATION_COMMENTS = YES;
				CLANG_WARN_EMPTY_BODY = YES;
				CLANG_WARN_ENUM_CONVERSION = YES;
				CLANG_WARN_INFINITE_RECURSION = YES;
				CLANG_WARN_INT_CONVERSION = YES;
				CLANG_WARN_NON_LITERAL_NULL_CONVERSION = YES;
				CLANG_WARN_OBJC_IMPLICIT_RETAIN_SELF = YES;
				CLANG_WARN_OBJC_LITERAL_CONVERSION = YES;
				CLANG_WARN_OBJC_ROOT_CLASS = YES_ERROR;
				CLANG_WARN_QUOTED_INCLUDE_IN_FRAMEWORK_HEADER = YES;
				CLANG_WARN_RANGE_LOOP_ANALYSIS = YES;
				CLANG_WARN_STRICT_PROTOTYPES = YES;
				CLANG_WARN_SUSPICIOUS_MOVE = YES;
				CLANG_WARN_UNGUARDED_AVAILABILITY = YES_AGGRESSIVE;
				CLANG_WARN_UNREACHABLE_CODE = YES;
				CLANG_WARN__DUPLICATE_METHOD_MATCH = YES;
				COPY_PHASE_STRIP = NO;
				DEBUG_INFORMATION_FORMAT = "dwarf-with-dsym";
				ENABLE_NS_ASSERTIONS = NO;
				ENABLE_STRICT_OBJC_MSGSEND = YES;
				GCC_C_LANGUAGE_STANDARD = gnu11;
				GCC_NO_COMMON_BLOCKS = YES;
				GCC_WARN_64_TO_32_BIT_CONVERSION = YES;
				GCC_WARN_ABOUT_RETURN_TYPE = YES_ERROR;
				GCC_WARN_UNDECLARED_SELECTOR = YES;
				GCC_WARN_UNINITIALIZED_AUTOS = YES_AGGRESSIVE;
				GCC_WARN_UNUSED_FUNCTION = YES;
				GCC_WARN_UNUSED_VARIABLE = YES;
				IPHONEOS_DEPLOYMENT_TARGET = 16.2;
				MTL_ENABLE_DEBUG_INFO = NO;
				MTL_FAST_MATH = YES;
				SDKROOT = iphoneos;
				SWIFT_COMPILATION_MODE = wholemodule;
				SWIFT_OPTIMIZATION_LEVEL = "-O";
				VALIDATE_PRODUCT = YES;
			};
			name = Release;
		};
		D91E96FD2A1BD06800D6C481 /* Debug */ = {
			isa = XCBuildConfiguration;
			buildSettings = {
				ASSETCATALOG_COMPILER_APPICON_NAME = AppIcon;
				ASSETCATALOG_COMPILER_GLOBAL_ACCENT_COLOR_NAME = AccentColor;
				CODE_SIGN_STYLE = Automatic;
				CURRENT_PROJECT_VERSION = 1;
				GENERATE_INFOPLIST_FILE = YES;
				INFOPLIST_FILE = HabitTracker/Info.plist;
				INFOPLIST_KEY_UIApplicationSupportsIndirectInputEvents = YES;
				INFOPLIST_KEY_UILaunchStoryboardName = LaunchScreen;
				INFOPLIST_KEY_UISupportedInterfaceOrientations_iPad = "UIInterfaceOrientationPortrait UIInterfaceOrientationPortraitUpsideDown UIInterfaceOrientationLandscapeLeft UIInterfaceOrientationLandscapeRight";
				INFOPLIST_KEY_UISupportedInterfaceOrientations_iPhone = "UIInterfaceOrientationPortrait UIInterfaceOrientationLandscapeLeft UIInterfaceOrientationLandscapeRight";
				LD_RUNPATH_SEARCH_PATHS = (
					"$(inherited)",
					"@executable_path/Frameworks",
				);
				MARKETING_VERSION = 1.0;
				PRODUCT_BUNDLE_IDENTIFIER = com.app.HabitTracker;
				PRODUCT_NAME = "$(TARGET_NAME)";
				SWIFT_EMIT_LOC_STRINGS = YES;
				SWIFT_VERSION = 5.0;
				TARGETED_DEVICE_FAMILY = "1,2";
			};
			name = Debug;
		};
		D91E96FE2A1BD06800D6C481 /* Release */ = {
			isa = XCBuildConfiguration;
			buildSettings = {
				ASSETCATALOG_COMPILER_APPICON_NAME = AppIcon;
				ASSETCATALOG_COMPILER_GLOBAL_ACCENT_COLOR_NAME = AccentColor;
				CODE_SIGN_STYLE = Automatic;
				CURRENT_PROJECT_VERSION = 1;
				GENERATE_INFOPLIST_FILE = YES;
				INFOPLIST_FILE = HabitTracker/Info.plist;
				INFOPLIST_KEY_UIApplicationSupportsIndirectInputEvents = YES;
				INFOPLIST_KEY_UILaunchStoryboardName = LaunchScreen;
				INFOPLIST_KEY_UISupportedInterfaceOrientations_iPad = "UIInterfaceOrientationPortrait UIInterfaceOrientationPortraitUpsideDown UIInterfaceOrientationLandscapeLeft UIInterfaceOrientationLandscapeRight";
				INFOPLIST_KEY_UISupportedInterfaceOrientations_iPhone = "UIInterfaceOrientationPortrait UIInterfaceOrientationLandscapeLeft UIInterfaceOrientationLandscapeRight";
				LD_RUNPATH_SEARCH_PATHS = (
					"$(inherited)",
					"@executable_path/Frameworks",
				);
				MARKETING_VERSION = 1.0;
				PRODUCT_BUNDLE_IDENTIFIER = com.app.HabitTracker;
				PRODUCT_NAME = "$(TARGET_NAME)";
				SWIFT_EMIT_LOC_STRINGS = YES;
				SWIFT_VERSION = 5.0;
				TARGETED_DEVICE_FAMILY = "1,2";
			};
			name = Release;
		};
		D91E97002A1BD06800D6C481 /* Debug */ = {
			isa = XCBuildConfiguration;
			buildSettings = {
				ALWAYS_EMBED_SWIFT_STANDARD_LIBRARIES = YES;
				BUNDLE_LOADER = "$(TEST_HOST)";
				CODE_SIGN_STYLE = Automatic;
				CURRENT_PROJECT_VERSION = 1;
				GENERATE_INFOPLIST_FILE = YES;
				IPHONEOS_DEPLOYMENT_TARGET = 16.2;
				MARKETING_VERSION = 1.0;
				PRODUCT_BUNDLE_IDENTIFIER = com.app.HabitTrackerTests;
				PRODUCT_NAME = "$(TARGET_NAME)";
				SWIFT_EMIT_LOC_STRINGS = NO;
				SWIFT_VERSION = 5.0;
				TARGETED_DEVICE_FAMILY = "1,2";
				TEST_HOST = "$(BUILT_PRODUCTS_DIR)/HabitTracker.app/$(BUNDLE_EXECUTABLE_FOLDER_PATH)/HabitTracker";
			};
			name = Debug;
		};
		D91E97012A1BD06800D6C481 /* Release */ = {
			isa = XCBuildConfiguration;
			buildSettings = {
				ALWAYS_EMBED_SWIFT_STANDARD_LIBRARIES = YES;
				BUNDLE_LOADER = "$(TEST_HOST)";
				CODE_SIGN_STYLE = Automatic;
				CURRENT_PROJECT_VERSION = 1;
				GENERATE_INFOPLIST_FILE = YES;
				IPHONEOS_DEPLOYMENT_TARGET = 16.2;
				MARKETING_VERSION = 1.0;
				PRODUCT_BUNDLE_IDENTIFIER = com.app.HabitTrackerTests;
				PRODUCT_NAME = "$(TARGET_NAME)";
				SWIFT_EMIT_LOC_STRINGS = NO;
				SWIFT_VERSION = 5.0;
				TARGETED_DEVICE_FAMILY = "1,2";
				TEST_HOST = "$(BUILT_PRODUCTS_DIR)/HabitTracker.app/$(BUNDLE_EXECUTABLE_FOLDER_PATH)/HabitTracker";
			};
			name = Release;
		};
		D91E97032A1BD06800D6C481 /* Debug */ = {
			isa = XCBuildConfiguration;
			buildSettings = {
				ALWAYS_EMBED_SWIFT_STANDARD_LIBRARIES = YES;
				CODE_SIGN_STYLE = Automatic;
				CURRENT_PROJECT_VERSION = 1;
				GENERATE_INFOPLIST_FILE = YES;
				MARKETING_VERSION = 1.0;
				PRODUCT_BUNDLE_IDENTIFIER = com.app.HabitTrackerUITests;
				PRODUCT_NAME = "$(TARGET_NAME)";
				SWIFT_EMIT_LOC_STRINGS = NO;
				SWIFT_VERSION = 5.0;
				TARGETED_DEVICE_FAMILY = "1,2";
				TEST_TARGET_NAME = HabitTracker;
			};
			name = Debug;
		};
		D91E97042A1BD06800D6C481 /* Release */ = {
			isa = XCBuildConfiguration;
			buildSettings = {
				ALWAYS_EMBED_SWIFT_STANDARD_LIBRARIES = YES;
				CODE_SIGN_STYLE = Automatic;
				CURRENT_PROJECT_VERSION = 1;
				GENERATE_INFOPLIST_FILE = YES;
				MARKETING_VERSION = 1.0;
				PRODUCT_BUNDLE_IDENTIFIER = com.app.HabitTrackerUITests;
				PRODUCT_NAME = "$(TARGET_NAME)";
				SWIFT_EMIT_LOC_STRINGS = NO;
				SWIFT_VERSION = 5.0;
				TARGETED_DEVICE_FAMILY = "1,2";
				TEST_TARGET_NAME = HabitTracker;
			};
			name = Release;
		};
/* End XCBuildConfiguration section */

/* Begin XCConfigurationList section */
		D91E96CD2A1BD06700D6C481 /* Build configuration list for PBXProject "HabitTracker" */ = {
			isa = XCConfigurationList;
			buildConfigurations = (
				D91E96FA2A1BD06800D6C481 /* Debug */,
				D91E96FB2A1BD06800D6C481 /* Release */,
			);
			defaultConfigurationIsVisible = 0;
			defaultConfigurationName = Release;
		};
		D91E96FC2A1BD06800D6C481 /* Build configuration list for PBXNativeTarget "HabitTracker" */ = {
			isa = XCConfigurationList;
			buildConfigurations = (
				D91E96FD2A1BD06800D6C481 /* Debug */,
				D91E96FE2A1BD06800D6C481 /* Release */,
			);
			defaultConfigurationIsVisible = 0;
			defaultConfigurationName = Release;
		};
		D91E96FF2A1BD06800D6C481 /* Build configuration list for PBXNativeTarget "HabitTrackerTests" */ = {
			isa = XCConfigurationList;
			buildConfigurations = (
				D91E97002A1BD06800D6C481 /* Debug */,
				D91E97012A1BD06800D6C481 /* Release */,
			);
			defaultConfigurationIsVisible = 0;
			defaultConfigurationName = Release;
		};
		D91E97022A1BD06800D6C481 /* Build configuration list for PBXNativeTarget "HabitTrackerUITests" */ = {
			isa = XCConfigurationList;
			buildConfigurations = (
				D91E97032A1BD06800D6C481 /* Debug */,
				D91E97042A1BD06800D6C481 /* Release */,
			);
			defaultConfigurationIsVisible = 0;
			defaultConfigurationName = Release;
		};
/* End XCConfigurationList section */
	};
	rootObject = D91E96CA2A1BD06700D6C481 /* Project object */;
}
